
Microsoft Visual Studio Solution File, Format Version 12.00
# Visual Studio Version 17
VisualStudioVersion = 17.5.33516.290
MinimumVisualStudioVersion = 10.0.40219.1
Project("{FAE04EC0-301F-11D3-BF4B-00C04F79EFBC}") = "MyVectorTask", "MyVecktorTask\MyVectorTask.csproj", "{937EB5E2-FF12-4D21-978B-7BEDB61C935B}"
EndProject
Global
	GlobalSection(SolutionConfigurationPlatforms) = preSolution
		Debug|Any CPU = Debug|Any CPU
		Release|Any CPU = Release|Any CPU
	EndGlobalSection
	GlobalSection(ProjectConfigurationPlatforms) = postSolution
		{937EB5E2-FF12-4D21-978B-7BEDB61C935B}.Debug|Any CPU.ActiveCfg = Debug|Any CPU
		{937EB5E2-FF12-4D21-978B-7BEDB61C935B}.Debug|Any CPU.Build.0 = Debug|Any CPU
		{937EB5E2-FF12-4D21-978B-7BEDB61C935B}.Release|Any CPU.ActiveCfg = Release|Any CPU
		{937EB5E2-FF12-4D21-978B-7BEDB61C935B}.Release|Any CPU.Build.0 = Release|Any CPU
	EndGlobalSection
	GlobalSection(SolutionProperties) = preSolution
		HideSolutionNode = FALSE
	EndGlobalSection
	GlobalSection(ExtensibilityGlobals) = postSolution
		SolutionGuid = {6C41E699-B035-49E3-8873-CA548384BCE3}
	EndGlobalSection
EndGlobal
